// !$*UTF8*$!
{
	archiveVersion = 1;
	classes = {
	};
	objectVersion = 50;
	objects = {

/* Begin PBXBuildFile section */
		BB97269222290682009A1445 /* PresentationsTableViewController.swift in Sources */ = {isa = PBXBuildFile; fileRef = BB97269122290682009A1445 /* PresentationsTableViewController.swift */; };
		BB97269522293250009A1445 /* PresentationDetailViewController.swift in Sources */ = {isa = PBXBuildFile; fileRef = BB97269322293250009A1445 /* PresentationDetailViewController.swift */; };
		BB97269622293250009A1445 /* PresentationDetailViewController.xib in Resources */ = {isa = PBXBuildFile; fileRef = BB97269422293250009A1445 /* PresentationDetailViewController.xib */; };
		BB9726982229435B009A1445 /* Main.storyboard in Resources */ = {isa = PBXBuildFile; fileRef = BB9726972229435B009A1445 /* Main.storyboard */; };
		BBADC1E9222884600012ABAB /* AppDelegate.swift in Sources */ = {isa = PBXBuildFile; fileRef = BBADC1E8222884600012ABAB /* AppDelegate.swift */; };
		BBADC1F0222884610012ABAB /* Assets.xcassets in Resources */ = {isa = PBXBuildFile; fileRef = BBADC1EF222884610012ABAB /* Assets.xcassets */; };
		BBADC1F3222884610012ABAB /* LaunchScreen.storyboard in Resources */ = {isa = PBXBuildFile; fileRef = BBADC1F1222884610012ABAB /* LaunchScreen.storyboard */; };
/* End PBXBuildFile section */

/* Begin PBXFileReference section */
		BB97269122290682009A1445 /* PresentationsTableViewController.swift */ = {isa = PBXFileReference; lastKnownFileType = sourcecode.swift; path = PresentationsTableViewController.swift; sourceTree = "<group>"; };
		BB97269322293250009A1445 /* PresentationDetailViewController.swift */ = {isa = PBXFileReference; lastKnownFileType = sourcecode.swift; path = PresentationDetailViewController.swift; sourceTree = "<group>"; };
		BB97269422293250009A1445 /* PresentationDetailViewController.xib */ = {isa = PBXFileReference; lastKnownFileType = file.xib; path = PresentationDetailViewController.xib; sourceTree = "<group>"; };
		BB9726972229435B009A1445 /* Main.storyboard */ = {isa = PBXFileReference; lastKnownFileType = file.storyboard; path = Main.storyboard; sourceTree = "<group>"; };
		BBADC1E5222884600012ABAB /* TechDay.app */ = {isa = PBXFileReference; explicitFileType = wrapper.application; includeInIndex = 0; path = TechDay.app; sourceTree = BUILT_PRODUCTS_DIR; };
		BBADC1E8222884600012ABAB /* AppDelegate.swift */ = {isa = PBXFileReference; lastKnownFileType = sourcecode.swift; path = AppDelegate.swift; sourceTree = "<group>"; };
		BBADC1EF222884610012ABAB /* Assets.xcassets */ = {isa = PBXFileReference; lastKnownFileType = folder.assetcatalog; path = Assets.xcassets; sourceTree = "<group>"; };
		BBADC1F2222884610012ABAB /* Base */ = {isa = PBXFileReference; lastKnownFileType = file.storyboard; name = Base; path = Base.lproj/LaunchScreen.storyboard; sourceTree = "<group>"; };
		BBADC1F4222884610012ABAB /* Info.plist */ = {isa = PBXFileReference; lastKnownFileType = text.plist.xml; path = Info.plist; sourceTree = "<group>"; };
/* End PBXFileReference section */

/* Begin PBXFrameworksBuildPhase section */
		BBADC1E22228845F0012ABAB /* Frameworks */ = {
			isa = PBXFrameworksBuildPhase;
			buildActionMask = 2147483647;
			files = (
			);
			runOnlyForDeploymentPostprocessing = 0;
		};
/* End PBXFrameworksBuildPhase section */

/* Begin PBXGroup section */
		BB97268E2229036C009A1445 /* Resources */ = {
			isa = PBXGroup;
			children = (
				BBADC1EF222884610012ABAB /* Assets.xcassets */,
				BBADC1F1222884610012ABAB /* LaunchScreen.storyboard */,
				BB9726972229435B009A1445 /* Main.storyboard */,
			);
			path = Resources;
			sourceTree = "<group>";
		};
		BB97268F22290394009A1445 /* Supporting Files */ = {
			isa = PBXGroup;
			children = (
				BBADC1F4222884610012ABAB /* Info.plist */,
			);
			path = "Supporting Files";
			sourceTree = "<group>";
		};
		BB972690222905A5009A1445 /* View Controllers */ = {
			isa = PBXGroup;
			children = (
				BB97269122290682009A1445 /* PresentationsTableViewController.swift */,
				BB97269322293250009A1445 /* PresentationDetailViewController.swift */,
				BB97269422293250009A1445 /* PresentationDetailViewController.xib */,
			);
			path = "View Controllers";
			sourceTree = "<group>";
		};
		BBADC1DC2228845F0012ABAB = {
			isa = PBXGroup;
			children = (
				BBADC1E7222884600012ABAB /* TechDay */,
				BBADC1E6222884600012ABAB /* Products */,
			);
			sourceTree = "<group>";
		};
		BBADC1E6222884600012ABAB /* Products */ = {
			isa = PBXGroup;
			children = (
				BBADC1E5222884600012ABAB /* TechDay.app */,
			);
			name = Products;
			sourceTree = "<group>";
		};
		BBADC1E7222884600012ABAB /* TechDay */ = {
			isa = PBXGroup;
			children = (
				BB97268E2229036C009A1445 /* Resources */,
				BB972690222905A5009A1445 /* View Controllers */,
				BB97268F22290394009A1445 /* Supporting Files */,
				BBADC1E8222884600012ABAB /* AppDelegate.swift */,
			);
			path = TechDay;
			sourceTree = "<group>";
		};
/* End PBXGroup section */

/* Begin PBXNativeTarget section */
		BBADC1E42228845F0012ABAB /* TechDay */ = {
			isa = PBXNativeTarget;
			buildConfigurationList = BBADC1F7222884610012ABAB /* Build configuration list for PBXNativeTarget "TechDay" */;
			buildPhases = (
				BBADC1E12228845F0012ABAB /* Sources */,
				BBADC1E22228845F0012ABAB /* Frameworks */,
				BBADC1E32228845F0012ABAB /* Resources */,
			);
			buildRules = (
			);
			dependencies = (
			);
			name = TechDay;
			productName = TechDay;
			productReference = BBADC1E5222884600012ABAB /* TechDay.app */;
			productType = "com.apple.product-type.application";
		};
/* End PBXNativeTarget section */

/* Begin PBXProject section */
		BBADC1DD2228845F0012ABAB /* Project object */ = {
			isa = PBXProject;
			attributes = {
				LastSwiftUpdateCheck = 1010;
				LastUpgradeCheck = 1010;
				ORGANIZATIONNAME = "Mustafa Ali Akçakır";
				TargetAttributes = {
					BBADC1E42228845F0012ABAB = {
						CreatedOnToolsVersion = 10.1;
					};
				};
			};
			buildConfigurationList = BBADC1E02228845F0012ABAB /* Build configuration list for PBXProject "TechDay" */;
			compatibilityVersion = "Xcode 9.3";
			developmentRegion = en;
			hasScannedForEncodings = 0;
			knownRegions = (
				en,
				Base,
			);
			mainGroup = BBADC1DC2228845F0012ABAB;
			productRefGroup = BBADC1E6222884600012ABAB /* Products */;
			projectDirPath = "";
			projectRoot = "";
			targets = (
				BBADC1E42228845F0012ABAB /* TechDay */,
			);
		};
/* End PBXProject section */

/* Begin PBXResourcesBuildPhase section */
		BBADC1E32228845F0012ABAB /* Resources */ = {
			isa = PBXResourcesBuildPhase;
			buildActionMask = 2147483647;
			files = (
				BBADC1F3222884610012ABAB /* LaunchScreen.storyboard in Resources */,
				BBADC1F0222884610012ABAB /* Assets.xcassets in Resources */,
				BB97269622293250009A1445 /* PresentationDetailViewController.xib in Resources */,
				BB9726982229435B009A1445 /* Main.storyboard in Resources */,
			);
			runOnlyForDeploymentPostprocessing = 0;
		};
/* End PBXResourcesBuildPhase section */

/* Begin PBXSourcesBuildPhase section */
		BBADC1E12228845F0012ABAB /* Sources */ = {
			isa = PBXSourcesBuildPhase;
			buildActionMask = 2147483647;
			files = (
				BBADC1E9222884600012ABAB /* AppDelegate.swift in Sources */,
				BB97269522293250009A1445 /* PresentationDetailViewController.swift in Sources */,
				BB97269222290682009A1445 /* PresentationsTableViewController.swift in Sources */,
			);
			runOnlyForDeploymentPostprocessing = 0;
		};
/* End PBXSourcesBuildPhase section */

/* Begin PBXVariantGroup section */
		BBADC1F1222884610012ABAB /* LaunchScreen.storyboard */ = {
			isa = PBXVariantGroup;
			children = (
				BBADC1F2222884610012ABAB /* Base */,
			);
			name = LaunchScreen.storyboard;
			sourceTree = "<group>";
		};
/* End PBXVariantGroup section */

/* Begin XCBuildConfiguration section */
		BBADC1F5222884610012ABAB /* Debug */ = {
			isa = XCBuildConfiguration;
			buildSettings = {
				ALWAYS_SEARCH_USER_PATHS = NO;
				CLANG_ANALYZER_NONNULL = YES;
				CLANG_ANALYZER_NUMBER_OBJECT_CONVERSION = YES_AGGRESSIVE;
				CLANG_CXX_LANGUAGE_STANDARD = "gnu++14";
				CLANG_CXX_LIBRARY = "libc++";
				CLANG_ENABLE_MODULES = YES;
				CLANG_ENABLE_OBJC_ARC = YES;
				CLANG_ENABLE_OBJC_WEAK = YES;
				CLANG_WARN_BLOCK_CAPTURE_AUTORELEASING = YES;
				CLANG_WARN_BOOL_CONVERSION = YES;
				CLANG_WARN_COMMA = YES;
				CLANG_WARN_CONSTANT_CONVERSION = YES;
				CLANG_WARN_DEPRECATED_OBJC_IMPLEMENTATIONS = YES;
				CLANG_WARN_DIRECT_OBJC_ISA_USAGE = YES_ERROR;
				CLANG_WARN_DOCUMENTATION_COMMENTS = YES;
				CLANG_WARN_EMPTY_BODY = YES;
				CLANG_WARN_ENUM_CONVERSION = YES;
				CLANG_WARN_INFINITE_RECURSION = YES;
				CLANG_WARN_INT_CONVERSION = YES;
				CLANG_WARN_NON_LITERAL_NULL_CONVERSION = YES;
				CLANG_WARN_OBJC_IMPLICIT_RETAIN_SELF = YES;
				CLANG_WARN_OBJC_LITERAL_CONVERSION = YES;
				CLANG_WARN_OBJC_ROOT_CLASS = YES_ERROR;
				CLANG_WARN_RANGE_LOOP_ANALYSIS = YES;
				CLANG_WARN_STRICT_PROTOTYPES = YES;
				CLANG_WARN_SUSPICIOUS_MOVE = YES;
				CLANG_WARN_UNGUARDED_AVAILABILITY = YES_AGGRESSIVE;
				CLANG_WARN_UNREACHABLE_CODE = YES;
				CLANG_WARN__DUPLICATE_METHOD_MATCH = YES;
				CODE_SIGN_IDENTITY = "iPhone Developer";
				COPY_PHASE_STRIP = NO;
				DEBUG_INFORMATION_FORMAT = dwarf;
				ENABLE_STRICT_OBJC_MSGSEND = YES;
				ENABLE_TESTABILITY = YES;
				GCC_C_LANGUAGE_STANDARD = gnu11;
				GCC_DYNAMIC_NO_PIC = NO;
				GCC_NO_COMMON_BLOCKS = YES;
				GCC_OPTIMIZATION_LEVEL = 0;
				GCC_PREPROCESSOR_DEFINITIONS = (
					"DEBUG=1",
					"$(inherited)",
				);
				GCC_WARN_64_TO_32_BIT_CONVERSION = YES;
				GCC_WARN_ABOUT_RETURN_TYPE = YES_ERROR;
				GCC_WARN_UNDECLARED_SELECTOR = YES;
				GCC_WARN_UNINITIALIZED_AUTOS = YES_AGGRESSIVE;
				GCC_WARN_UNUSED_FUNCTION = YES;
				GCC_WARN_UNUSED_VARIABLE = YES;
				IPHONEOS_DEPLOYMENT_TARGET = 12.1;
				MTL_ENABLE_DEBUG_INFO = INCLUDE_SOURCE;
				MTL_FAST_MATH = YES;
				ONLY_ACTIVE_ARCH = YES;
				SDKROOT = iphoneos;
				SWIFT_ACTIVE_COMPILATION_CONDITIONS = DEBUG;
				SWIFT_OPTIMIZATION_LEVEL = "-Onone";
			};
			name = Debug;
		};
		BBADC1F6222884610012ABAB /* Release */ = {
			isa = XCBuildConfiguration;
			buildSettings = {
				ALWAYS_SEARCH_USER_PATHS = NO;
				CLANG_ANALYZER_NONNULL = YES;
				CLANG_ANALYZER_NUMBER_OBJECT_CONVERSION = YES_AGGRESSIVE;
				CLANG_CXX_LANGUAGE_STANDARD = "gnu++14";
				CLANG_CXX_LIBRARY = "libc++";
				CLANG_ENABLE_MODULES = YES;
				CLANG_ENABLE_OBJC_ARC = YES;
				CLANG_ENABLE_OBJC_WEAK = YES;
				CLANG_WARN_BLOCK_CAPTURE_AUTORELEASING = YES;
				CLANG_WARN_BOOL_CONVERSION = YES;
				CLANG_WARN_COMMA = YES;
				CLANG_WARN_CONSTANT_CONVERSION = YES;
				CLANG_WARN_DEPRECATED_OBJC_IMPLEMENTATIONS = YES;
				CLANG_WARN_DIRECT_OBJC_ISA_USAGE = YES_ERROR;
				CLANG_WARN_DOCUMENTATION_COMMENTS = YES;
				CLANG_WARN_EMPTY_BODY = YES;
				CLANG_WARN_ENUM_CONVERSION = YES;
				CLANG_WARN_INFINITE_RECURSION = YES;
				CLANG_WARN_INT_CONVERSION = YES;
				CLANG_WARN_NON_LITERAL_NULL_CONVERSION = YES;
				CLANG_WARN_OBJC_IMPLICIT_RETAIN_SELF = YES;
				CLANG_WARN_OBJC_LITERAL_CONVERSION = YES;
				CLANG_WARN_OBJC_ROOT_CLASS = YES_ERROR;
				CLANG_WARN_RANGE_LOOP_ANALYSIS = YES;
				CLANG_WARN_STRICT_PROTOTYPES = YES;
				CLANG_WARN_SUSPICIOUS_MOVE = YES;
				CLANG_WARN_UNGUARDED_AVAILABILITY = YES_AGGRESSIVE;
				CLANG_WARN_UNREACHABLE_CODE = YES;
				CLANG_WARN__DUPLICATE_METHOD_MATCH = YES;
				CODE_SIGN_IDENTITY = "iPhone Developer";
				COPY_PHASE_STRIP = NO;
				DEBUG_INFORMATION_FORMAT = "dwarf-with-dsym";
				ENABLE_NS_ASSERTIONS = NO;
				ENABLE_STRICT_OBJC_MSGSEND = YES;
				GCC_C_LANGUAGE_STANDARD = gnu11;
				GCC_NO_COMMON_BLOCKS = YES;
				GCC_WARN_64_TO_32_BIT_CONVERSION = YES;
				GCC_WARN_ABOUT_RETURN_TYPE = YES_ERROR;
				GCC_WARN_UNDECLARED_SELECTOR = YES;
				GCC_WARN_UNINITIALIZED_AUTOS = YES_AGGRESSIVE;
				GCC_WARN_UNUSED_FUNCTION = YES;
				GCC_WARN_UNUSED_VARIABLE = YES;
				IPHONEOS_DEPLOYMENT_TARGET = 12.1;
				MTL_ENABLE_DEBUG_INFO = NO;
				MTL_FAST_MATH = YES;
				SDKROOT = iphoneos;
				SWIFT_COMPILATION_MODE = wholemodule;
				SWIFT_OPTIMIZATION_LEVEL = "-O";
				VALIDATE_PRODUCT = YES;
			};
			name = Release;
		};
		BBADC1F8222884610012ABAB /* Debug */ = {
			isa = XCBuildConfiguration;
			buildSettings = {
				ASSETCATALOG_COMPILER_APPICON_NAME = AppIcon;
				CODE_SIGN_STYLE = Automatic;
				INFOPLIST_FILE = "TechDay/Supporting Files/Info.plist";
				LD_RUNPATH_SEARCH_PATHS = (
					"$(inherited)",
					"@executable_path/Frameworks",
				);
				PRODUCT_BUNDLE_IDENTIFIER = com.gittigidiyor.TechDay;
				PRODUCT_NAME = "$(TARGET_NAME)";
				SWIFT_VERSION = 4.2;
				TARGETED_DEVICE_FAMILY = "1,2";
			};
			name = Debug;
		};
		BBADC1F9222884610012ABAB /* Release */ = {
			isa = XCBuildConfiguration;
			buildSettings = {
				ASSETCATALOG_COMPILER_APPICON_NAME = AppIcon;
				CODE_SIGN_STYLE = Automatic;
				INFOPLIST_FILE = "TechDay/Supporting Files/Info.plist";
				LD_RUNPATH_SEARCH_PATHS = (
					"$(inherited)",
					"@executable_path/Frameworks",
				);
				PRODUCT_BUNDLE_IDENTIFIER = com.gittigidiyor.TechDay;
				PRODUCT_NAME = "$(TARGET_NAME)";
				SWIFT_VERSION = 4.2;
				TARGETED_DEVICE_FAMILY = "1,2";
			};
			name = Release;
		};
/* End XCBuildConfiguration section */

/* Begin XCConfigurationList section */
		BBADC1E02228845F0012ABAB /* Build configuration list for PBXProject "TechDay" */ = {
			isa = XCConfigurationList;
			buildConfigurations = (
				BBADC1F5222884610012ABAB /* Debug */,
				BBADC1F6222884610012ABAB /* Release */,
			);
			defaultConfigurationIsVisible = 0;
			defaultConfigurationName = Release;
		};
		BBADC1F7222884610012ABAB /* Build configuration list for PBXNativeTarget "TechDay" */ = {
			isa = XCConfigurationList;
			buildConfigurations = (
				BBADC1F8222884610012ABAB /* Debug */,
				BBADC1F9222884610012ABAB /* Release */,
			);
			defaultConfigurationIsVisible = 0;
			defaultConfigurationName = Release;
		};
/* End XCConfigurationList section */
	};
	rootObject = BBADC1DD2228845F0012ABAB /* Project object */;
}
